
Microsoft Visual Studio Solution File, Format Version 12.00
# Visual Studio 15
VisualStudioVersion = 15.0.28307.329
MinimumVisualStudioVersion = 10.0.40219.1
Project("{FAE04EC0-301F-11D3-BF4B-00C04F79EFBC}") = "RXcx03.07", "RXcx03.07\RXcx03.07.csproj", "{52A32B76-1C0C-4F00-9602-915856953CC8}"
EndProject
Global
	GlobalSection(SolutionConfigurationPlatforms) = preSolution
		Debug|Any CPU = Debug|Any CPU
		Release|Any CPU = Release|Any CPU
	EndGlobalSection
	GlobalSection(ProjectConfigurationPlatforms) = postSolution
		{52A32B76-1C0C-4F00-9602-915856953CC8}.Debug|Any CPU.ActiveCfg = Debug|Any CPU
		{52A32B76-1C0C-4F00-9602-915856953CC8}.Debug|Any CPU.Build.0 = Debug|Any CPU
		{52A32B76-1C0C-4F00-9602-915856953CC8}.Release|Any CPU.ActiveCfg = Release|Any CPU
		{52A32B76-1C0C-4F00-9602-915856953CC8}.Release|Any CPU.Build.0 = Release|Any CPU
	EndGlobalSection
	GlobalSection(SolutionProperties) = preSolution
		HideSolutionNode = FALSE
	EndGlobalSection
	GlobalSection(ExtensibilityGlobals) = postSolution
		SolutionGuid = {6264DE01-DDBE-457D-800E-6F109BEC28B3}
	EndGlobalSection
EndGlobal
